
Microsoft Visual Studio Solution File, Format Version 12.00
# Visual Studio Version 17
VisualStudioVersion = 17.3.32901.215
MinimumVisualStudioVersion = 10.0.40219.1
Project("{FAE04EC0-301F-11D3-BF4B-00C04F79EFBC}") = "Employee.Models", "Employee.Models\Employee.Models.csproj", "{7F327C62-0487-4C83-B2CE-736436334D54}"
EndProject
Project("{FAE04EC0-301F-11D3-BF4B-00C04F79EFBC}") = "Employee.Entities", "Employee.Entities\Employee.Entities.csproj", "{179B22FF-13A9-40DA-A5B0-6DF62699DDA4}"
EndProject
Project("{FAE04EC0-301F-11D3-BF4B-00C04F79EFBC}") = "Employee.Repositories", "Employee.Repositories\Employee.Repositories.csproj", "{901F560A-6777-4820-AA30-0C76868A6C87}"
EndProject
Project("{FAE04EC0-301F-11D3-BF4B-00C04F79EFBC}") = "Employee.Repositories.Sql", "Employee.Repositories.Sql\Employee.Repositories.Sql.csproj", "{0B0CC1BD-403D-4B0C-A308-E51E5D872956}"
EndProject
Project("{FAE04EC0-301F-11D3-BF4B-00C04F79EFBC}") = "EmployeeService.Api", "EmployeeService.Api\EmployeeService.Api.csproj", "{D80E7479-6C25-479E-AB41-C10031BA4289}"
EndProject
Global
	GlobalSection(SolutionConfigurationPlatforms) = preSolution
		Debug|Any CPU = Debug|Any CPU
		Release|Any CPU = Release|Any CPU
	EndGlobalSection
	GlobalSection(ProjectConfigurationPlatforms) = postSolution
		{7F327C62-0487-4C83-B2CE-736436334D54}.Debug|Any CPU.ActiveCfg = Debug|Any CPU
		{7F327C62-0487-4C83-B2CE-736436334D54}.Debug|Any CPU.Build.0 = Debug|Any CPU
		{7F327C62-0487-4C83-B2CE-736436334D54}.Release|Any CPU.ActiveCfg = Release|Any CPU
		{7F327C62-0487-4C83-B2CE-736436334D54}.Release|Any CPU.Build.0 = Release|Any CPU
		{179B22FF-13A9-40DA-A5B0-6DF62699DDA4}.Debug|Any CPU.ActiveCfg = Debug|Any CPU
		{179B22FF-13A9-40DA-A5B0-6DF62699DDA4}.Debug|Any CPU.Build.0 = Debug|Any CPU
		{179B22FF-13A9-40DA-A5B0-6DF62699DDA4}.Release|Any CPU.ActiveCfg = Release|Any CPU
		{179B22FF-13A9-40DA-A5B0-6DF62699DDA4}.Release|Any CPU.Build.0 = Release|Any CPU
		{901F560A-6777-4820-AA30-0C76868A6C87}.Debug|Any CPU.ActiveCfg = Debug|Any CPU
		{901F560A-6777-4820-AA30-0C76868A6C87}.Debug|Any CPU.Build.0 = Debug|Any CPU
		{901F560A-6777-4820-AA30-0C76868A6C87}.Release|Any CPU.ActiveCfg = Release|Any CPU
		{901F560A-6777-4820-AA30-0C76868A6C87}.Release|Any CPU.Build.0 = Release|Any CPU
		{0B0CC1BD-403D-4B0C-A308-E51E5D872956}.Debug|Any CPU.ActiveCfg = Debug|Any CPU
		{0B0CC1BD-403D-4B0C-A308-E51E5D872956}.Debug|Any CPU.Build.0 = Debug|Any CPU
		{0B0CC1BD-403D-4B0C-A308-E51E5D872956}.Release|Any CPU.ActiveCfg = Release|Any CPU
		{0B0CC1BD-403D-4B0C-A308-E51E5D872956}.Release|Any CPU.Build.0 = Release|Any CPU
		{D80E7479-6C25-479E-AB41-C10031BA4289}.Debug|Any CPU.ActiveCfg = Debug|Any CPU
		{D80E7479-6C25-479E-AB41-C10031BA4289}.Debug|Any CPU.Build.0 = Debug|Any CPU
		{D80E7479-6C25-479E-AB41-C10031BA4289}.Release|Any CPU.ActiveCfg = Release|Any CPU
		{D80E7479-6C25-479E-AB41-C10031BA4289}.Release|Any CPU.Build.0 = Release|Any CPU
	EndGlobalSection
	GlobalSection(SolutionProperties) = preSolution
		HideSolutionNode = FALSE
	EndGlobalSection
	GlobalSection(ExtensibilityGlobals) = postSolution
		SolutionGuid = {FFCC6E49-FC93-4826-B184-426A7CD9ADC1}
	EndGlobalSection
EndGlobal
